
Microsoft Visual Studio Solution File, Format Version 12.00
# Visual Studio Version 17
VisualStudioVersion = 17.1.32328.378
MinimumVisualStudioVersion = 10.0.40219.1
Project("{FAE04EC0-301F-11D3-BF4B-00C04F79EFBC}") = "Zad5", "Zad5\Zad5.csproj", "{A4D19A6C-9A23-4C31-9190-A7E1A4B8F6C6}"
EndProject
Global
	GlobalSection(SolutionConfigurationPlatforms) = preSolution
		Debug|Any CPU = Debug|Any CPU
		Release|Any CPU = Release|Any CPU
	EndGlobalSection
	GlobalSection(ProjectConfigurationPlatforms) = postSolution
		{A4D19A6C-9A23-4C31-9190-A7E1A4B8F6C6}.Debug|Any CPU.ActiveCfg = Debug|Any CPU
		{A4D19A6C-9A23-4C31-9190-A7E1A4B8F6C6}.Debug|Any CPU.Build.0 = Debug|Any CPU
		{A4D19A6C-9A23-4C31-9190-A7E1A4B8F6C6}.Release|Any CPU.ActiveCfg = Release|Any CPU
		{A4D19A6C-9A23-4C31-9190-A7E1A4B8F6C6}.Release|Any CPU.Build.0 = Release|Any CPU
	EndGlobalSection
	GlobalSection(SolutionProperties) = preSolution
		HideSolutionNode = FALSE
	EndGlobalSection
	GlobalSection(ExtensibilityGlobals) = postSolution
		SolutionGuid = {CE526CAC-A952-4581-B3F8-823B97C46740}
	EndGlobalSection
EndGlobal
